// !$*UTF8*$!
{
	archiveVersion = 1;
	classes = {
	};
	objectVersion = 46;
	objects = {

/* Begin PBXBuildFile section */
		063A2FA913813B770044C707 /* AVFoundation.framework in Frameworks */ = {isa = PBXBuildFile; fileRef = 063A2FA813813B770044C707 /* AVFoundation.framework */; };
		064B0EB8137BCD27007EDAB1 /* IAPuzzleBoard.m in Sources */ = {isa = PBXBuildFile; fileRef = 064B0EB4137BCD27007EDAB1 /* IAPuzzleBoard.m */; };
		064B0EB9137BCD27007EDAB1 /* IAPuzzleBoardView.m in Sources */ = {isa = PBXBuildFile; fileRef = 064B0EB6137BCD27007EDAB1 /* IAPuzzleBoardView.m */; };
		064B0EC6137BCE8C007EDAB1 /* UIImage+Resize.m in Sources */ = {isa = PBXBuildFile; fileRef = 064B0EC5137BCE8C007EDAB1 /* UIImage+Resize.m */; };
		06A8200C137AB65B007F40B1 /* PuzzleBoardViewController.m in Sources */ = {isa = PBXBuildFile; fileRef = 06A8200A137AB65B007F40B1 /* PuzzleBoardViewController.m */; };
		06A8200D137AB65B007F40B1 /* PuzzleBoardViewController.xib in Resources */ = {isa = PBXBuildFile; fileRef = 06A8200B137AB65B007F40B1 /* PuzzleBoardViewController.xib */; };
		06BEB41613793B6A0074063A /* UIKit.framework in Frameworks */ = {isa = PBXBuildFile; fileRef = 06BEB41513793B6A0074063A /* UIKit.framework */; };
		06BEB41813793B6A0074063A /* Foundation.framework in Frameworks */ = {isa = PBXBuildFile; fileRef = 06BEB41713793B6A0074063A /* Foundation.framework */; };
		06BEB41A13793B6A0074063A /* CoreGraphics.framework in Frameworks */ = {isa = PBXBuildFile; fileRef = 06BEB41913793B6A0074063A /* CoreGraphics.framework */; };
		06BEB42013793B6A0074063A /* InfoPlist.strings in Resources */ = {isa = PBXBuildFile; fileRef = 06BEB41E13793B6A0074063A /* InfoPlist.strings */; };
		06BEB42313793B6A0074063A /* main.m in Sources */ = {isa = PBXBuildFile; fileRef = 06BEB42213793B6A0074063A /* main.m */; };
		06BEB42613793B6A0074063A /* SlizeAppDelegate.m in Sources */ = {isa = PBXBuildFile; fileRef = 06BEB42513793B6A0074063A /* SlizeAppDelegate.m */; };
		06BEB42913793B6B0074063A /* MainWindow.xib in Resources */ = {isa = PBXBuildFile; fileRef = 06BEB42713793B6B0074063A /* MainWindow.xib */; };
		06C5E7AB13851DFD00851A21 /* Slize.png in Resources */ = {isa = PBXBuildFile; fileRef = 06C5E7AA13851DFD00851A21 /* Slize.png */; };
		06DF12E9138680830052C3D9 /* board.png in Resources */ = {isa = PBXBuildFile; fileRef = 06DF12E5138680830052C3D9 /* board.png */; };
		06DF12EA138680830052C3D9 /* board@2x.png in Resources */ = {isa = PBXBuildFile; fileRef = 06DF12E6138680830052C3D9 /* board@2x.png */; };
		06DF12EB138680830052C3D9 /* boardFrame.png in Resources */ = {isa = PBXBuildFile; fileRef = 06DF12E7138680830052C3D9 /* boardFrame.png */; };
		06DF12EC138680830052C3D9 /* boardFrame@2x.png in Resources */ = {isa = PBXBuildFile; fileRef = 06DF12E8138680830052C3D9 /* boardFrame@2x.png */; };
		06DF12F0138682B20052C3D9 /* ff@2x.png in Resources */ = {isa = PBXBuildFile; fileRef = 06DF12EE138682B20052C3D9 /* ff@2x.png */; };
		06DF12F1138682B20052C3D9 /* ff.png in Resources */ = {isa = PBXBuildFile; fileRef = 06DF12EF138682B20052C3D9 /* ff.png */; };
/* End PBXBuildFile section */

/* Begin PBXFileReference section */
		063A2FA813813B770044C707 /* AVFoundation.framework */ = {isa = PBXFileReference; lastKnownFileType = wrapper.framework; name = AVFoundation.framework; path = System/Library/Frameworks/AVFoundation.framework; sourceTree = SDKROOT; };
		064B0EB3137BCD27007EDAB1 /* IAPuzzleBoard.h */ = {isa = PBXFileReference; fileEncoding = 4; lastKnownFileType = sourcecode.c.h; path = IAPuzzleBoard.h; sourceTree = "<group>"; };
		064B0EB4137BCD27007EDAB1 /* IAPuzzleBoard.m */ = {isa = PBXFileReference; fileEncoding = 4; lastKnownFileType = sourcecode.c.objc; path = IAPuzzleBoard.m; sourceTree = "<group>"; };
		064B0EB5137BCD27007EDAB1 /* IAPuzzleBoardView.h */ = {isa = PBXFileReference; fileEncoding = 4; lastKnownFileType = sourcecode.c.h; path = IAPuzzleBoardView.h; sourceTree = "<group>"; };
		064B0EB6137BCD27007EDAB1 /* IAPuzzleBoardView.m */ = {isa = PBXFileReference; fileEncoding = 4; lastKnownFileType = sourcecode.c.objc; path = IAPuzzleBoardView.m; sourceTree = "<group>"; };
		064B0EC4137BCE8C007EDAB1 /* UIImage+Resize.h */ = {isa = PBXFileReference; fileEncoding = 4; lastKnownFileType = sourcecode.c.h; path = "UIImage+Resize.h"; sourceTree = "<group>"; };
		064B0EC5137BCE8C007EDAB1 /* UIImage+Resize.m */ = {isa = PBXFileReference; fileEncoding = 4; lastKnownFileType = sourcecode.c.objc; path = "UIImage+Resize.m"; sourceTree = "<group>"; };
		06A82009137AB65B007F40B1 /* PuzzleBoardViewController.h */ = {isa = PBXFileReference; fileEncoding = 4; lastKnownFileType = sourcecode.c.h; path = PuzzleBoardViewController.h; sourceTree = "<group>"; };
		06A8200A137AB65B007F40B1 /* PuzzleBoardViewController.m */ = {isa = PBXFileReference; fileEncoding = 4; lastKnownFileType = sourcecode.c.objc; path = PuzzleBoardViewController.m; sourceTree = "<group>"; };
		06A8200B137AB65B007F40B1 /* PuzzleBoardViewController.xib */ = {isa = PBXFileReference; fileEncoding = 4; lastKnownFileType = file.xib; path = PuzzleBoardViewController.xib; sourceTree = "<group>"; };
		06BEB41113793B6A0074063A /* Slize.app */ = {isa = PBXFileReference; explicitFileType = wrapper.application; includeInIndex = 0; path = Slize.app; sourceTree = BUILT_PRODUCTS_DIR; };
		06BEB41513793B6A0074063A /* UIKit.framework */ = {isa = PBXFileReference; lastKnownFileType = wrapper.framework; name = UIKit.framework; path = System/Library/Frameworks/UIKit.framework; sourceTree = SDKROOT; };
		06BEB41713793B6A0074063A /* Foundation.framework */ = {isa = PBXFileReference; lastKnownFileType = wrapper.framework; name = Foundation.framework; path = System/Library/Frameworks/Foundation.framework; sourceTree = SDKROOT; };
		06BEB41913793B6A0074063A /* CoreGraphics.framework */ = {isa = PBXFileReference; lastKnownFileType = wrapper.framework; name = CoreGraphics.framework; path = System/Library/Frameworks/CoreGraphics.framework; sourceTree = SDKROOT; };
		06BEB41D13793B6A0074063A /* Slize-Info.plist */ = {isa = PBXFileReference; lastKnownFileType = text.plist.xml; path = "Slize-Info.plist"; sourceTree = "<group>"; };
		06BEB41F13793B6A0074063A /* en */ = {isa = PBXFileReference; lastKnownFileType = text.plist.strings; name = en; path = en.lproj/InfoPlist.strings; sourceTree = "<group>"; };
		06BEB42113793B6A0074063A /* Slize-Prefix.pch */ = {isa = PBXFileReference; lastKnownFileType = sourcecode.c.h; path = "Slize-Prefix.pch"; sourceTree = "<group>"; };
		06BEB42213793B6A0074063A /* main.m */ = {isa = PBXFileReference; lastKnownFileType = sourcecode.c.objc; path = main.m; sourceTree = "<group>"; };
		06BEB42413793B6A0074063A /* SlizeAppDelegate.h */ = {isa = PBXFileReference; lastKnownFileType = sourcecode.c.h; path = SlizeAppDelegate.h; sourceTree = "<group>"; };
		06BEB42513793B6A0074063A /* SlizeAppDelegate.m */ = {isa = PBXFileReference; lastKnownFileType = sourcecode.c.objc; path = SlizeAppDelegate.m; sourceTree = "<group>"; };
		06BEB42813793B6B0074063A /* en */ = {isa = PBXFileReference; lastKnownFileType = file.xib; name = en; path = en.lproj/MainWindow.xib; sourceTree = "<group>"; };
		06C5E7AA13851DFD00851A21 /* Slize.png */ = {isa = PBXFileReference; lastKnownFileType = image.png; path = Slize.png; sourceTree = "<group>"; };
		06DF12E5138680830052C3D9 /* board.png */ = {isa = PBXFileReference; lastKnownFileType = image.png; path = board.png; sourceTree = "<group>"; };
		06DF12E6138680830052C3D9 /* board@2x.png */ = {isa = PBXFileReference; lastKnownFileType = image.png; path = "board@2x.png"; sourceTree = "<group>"; };
		06DF12E7138680830052C3D9 /* boardFrame.png */ = {isa = PBXFileReference; lastKnownFileType = image.png; path = boardFrame.png; sourceTree = "<group>"; };
		06DF12E8138680830052C3D9 /* boardFrame@2x.png */ = {isa = PBXFileReference; lastKnownFileType = image.png; path = "boardFrame@2x.png"; sourceTree = "<group>"; };
		06DF12EE138682B20052C3D9 /* ff@2x.png */ = {isa = PBXFileReference; lastKnownFileType = image.png; path = "ff@2x.png"; sourceTree = "<group>"; };
		06DF12EF138682B20052C3D9 /* ff.png */ = {isa = PBXFileReference; lastKnownFileType = image.png; path = ff.png; sourceTree = "<group>"; };
/* End PBXFileReference section */

/* Begin PBXFrameworksBuildPhase section */
		06BEB40E13793B6A0074063A /* Frameworks */ = {
			isa = PBXFrameworksBuildPhase;
			buildActionMask = 2147483647;
			files = (
				063A2FA913813B770044C707 /* AVFoundation.framework in Frameworks */,
				06BEB41613793B6A0074063A /* UIKit.framework in Frameworks */,
				06BEB41813793B6A0074063A /* Foundation.framework in Frameworks */,
				06BEB41A13793B6A0074063A /* CoreGraphics.framework in Frameworks */,
			);
			runOnlyForDeploymentPostprocessing = 0;
		};
/* End PBXFrameworksBuildPhase section */

/* Begin PBXGroup section */
		064B0EAF137BCD27007EDAB1 /* IAPuzzleBoard */ = {
			isa = PBXGroup;
			children = (
				064B0EC3137BCE8C007EDAB1 /* Helpers */,
				064B0EB3137BCD27007EDAB1 /* IAPuzzleBoard.h */,
				064B0EB4137BCD27007EDAB1 /* IAPuzzleBoard.m */,
				064B0EB5137BCD27007EDAB1 /* IAPuzzleBoardView.h */,
				064B0EB6137BCD27007EDAB1 /* IAPuzzleBoardView.m */,
			);
			name = IAPuzzleBoard;
			path = src;
			sourceTree = "<group>";
		};
		064B0EC3137BCE8C007EDAB1 /* Helpers */ = {
			isa = PBXGroup;
			children = (
				064B0EC4137BCE8C007EDAB1 /* UIImage+Resize.h */,
				064B0EC5137BCE8C007EDAB1 /* UIImage+Resize.m */,
			);
			path = Helpers;
			sourceTree = "<group>";
		};
		06BEB40613793B6A0074063A = {
			isa = PBXGroup;
			children = (
				06BEB41B13793B6A0074063A /* Slize */,
				06BEB41413793B6A0074063A /* Frameworks */,
				06BEB41213793B6A0074063A /* Products */,
			);
			sourceTree = "<group>";
		};
		06BEB41213793B6A0074063A /* Products */ = {
			isa = PBXGroup;
			children = (
				06BEB41113793B6A0074063A /* Slize.app */,
			);
			name = Products;
			sourceTree = "<group>";
		};
		06BEB41413793B6A0074063A /* Frameworks */ = {
			isa = PBXGroup;
			children = (
				063A2FA813813B770044C707 /* AVFoundation.framework */,
				06BEB41513793B6A0074063A /* UIKit.framework */,
				06BEB41713793B6A0074063A /* Foundation.framework */,
				06BEB41913793B6A0074063A /* CoreGraphics.framework */,
			);
			name = Frameworks;
			sourceTree = "<group>";
		};
		06BEB41B13793B6A0074063A /* Slize */ = {
			isa = PBXGroup;
			children = (
				064B0EAF137BCD27007EDAB1 /* IAPuzzleBoard */,
				06BEB42413793B6A0074063A /* SlizeAppDelegate.h */,
				06BEB42513793B6A0074063A /* SlizeAppDelegate.m */,
				06A82009137AB65B007F40B1 /* PuzzleBoardViewController.h */,
				06A8200A137AB65B007F40B1 /* PuzzleBoardViewController.m */,
				06A8200B137AB65B007F40B1 /* PuzzleBoardViewController.xib */,
				06BEB42713793B6B0074063A /* MainWindow.xib */,
				06BEB41C13793B6A0074063A /* Supporting Files */,
			);
			path = Slize;
			sourceTree = "<group>";
		};
		06BEB41C13793B6A0074063A /* Supporting Files */ = {
			isa = PBXGroup;
			children = (
				06BEB41D13793B6A0074063A /* Slize-Info.plist */,
				06BEB41E13793B6A0074063A /* InfoPlist.strings */,
				06BEB42113793B6A0074063A /* Slize-Prefix.pch */,
				06BEB42213793B6A0074063A /* main.m */,
				06C5E7AA13851DFD00851A21 /* Slize.png */,
				06DF12E5138680830052C3D9 /* board.png */,
				06DF12E6138680830052C3D9 /* board@2x.png */,
				06DF12E7138680830052C3D9 /* boardFrame.png */,
				06DF12E8138680830052C3D9 /* boardFrame@2x.png */,
				06DF12EF138682B20052C3D9 /* ff.png */,
				06DF12EE138682B20052C3D9 /* ff@2x.png */,
			);
			name = "Supporting Files";
			sourceTree = "<group>";
		};
/* End PBXGroup section */

/* Begin PBXNativeTarget section */
		06BEB41013793B6A0074063A /* Slize */ = {
			isa = PBXNativeTarget;
			buildConfigurationList = 06BEB42C13793B6B0074063A /* Build configuration list for PBXNativeTarget "Slize" */;
			buildPhases = (
				06BEB40D13793B6A0074063A /* Sources */,
				06BEB40E13793B6A0074063A /* Frameworks */,
				06BEB40F13793B6A0074063A /* Resources */,
			);
			buildRules = (
			);
			dependencies = (
			);
			name = Slize;
			productName = Slize;
			productReference = 06BEB41113793B6A0074063A /* Slize.app */;
			productType = "com.apple.product-type.application";
		};
/* End PBXNativeTarget section */

/* Begin PBXProject section */
		06BEB40813793B6A0074063A /* Project object */ = {
			isa = PBXProject;
			attributes = {
				ORGANIZATIONNAME = Beetlebox;
			};
			buildConfigurationList = 06BEB40B13793B6A0074063A /* Build configuration list for PBXProject "Slize" */;
			compatibilityVersion = "Xcode 3.2";
			developmentRegion = English;
			hasScannedForEncodings = 0;
			knownRegions = (
				en,
			);
			mainGroup = 06BEB40613793B6A0074063A;
			productRefGroup = 06BEB41213793B6A0074063A /* Products */;
			projectDirPath = "";
			projectRoot = "";
			targets = (
				06BEB41013793B6A0074063A /* Slize */,
			);
		};
/* End PBXProject section */

/* Begin PBXResourcesBuildPhase section */
		06BEB40F13793B6A0074063A /* Resources */ = {
			isa = PBXResourcesBuildPhase;
			buildActionMask = 2147483647;
			files = (
				06BEB42013793B6A0074063A /* InfoPlist.strings in Resources */,
				06BEB42913793B6B0074063A /* MainWindow.xib in Resources */,
				06A8200D137AB65B007F40B1 /* PuzzleBoardViewController.xib in Resources */,
				06C5E7AB13851DFD00851A21 /* Slize.png in Resources */,
				06DF12E9138680830052C3D9 /* board.png in Resources */,
				06DF12EA138680830052C3D9 /* board@2x.png in Resources */,
				06DF12EB138680830052C3D9 /* boardFrame.png in Resources */,
				06DF12EC138680830052C3D9 /* boardFrame@2x.png in Resources */,
				06DF12F0138682B20052C3D9 /* ff@2x.png in Resources */,
				06DF12F1138682B20052C3D9 /* ff.png in Resources */,
			);
			runOnlyForDeploymentPostprocessing = 0;
		};
/* End PBXResourcesBuildPhase section */

/* Begin PBXSourcesBuildPhase section */
		06BEB40D13793B6A0074063A /* Sources */ = {
			isa = PBXSourcesBuildPhase;
			buildActionMask = 2147483647;
			files = (
				06BEB42313793B6A0074063A /* main.m in Sources */,
				06BEB42613793B6A0074063A /* SlizeAppDelegate.m in Sources */,
				06A8200C137AB65B007F40B1 /* PuzzleBoardViewController.m in Sources */,
				064B0EB8137BCD27007EDAB1 /* IAPuzzleBoard.m in Sources */,
				064B0EB9137BCD27007EDAB1 /* IAPuzzleBoardView.m in Sources */,
				064B0EC6137BCE8C007EDAB1 /* UIImage+Resize.m in Sources */,
			);
			runOnlyForDeploymentPostprocessing = 0;
		};
/* End PBXSourcesBuildPhase section */

/* Begin PBXVariantGroup section */
		06BEB41E13793B6A0074063A /* InfoPlist.strings */ = {
			isa = PBXVariantGroup;
			children = (
				06BEB41F13793B6A0074063A /* en */,
			);
			name = InfoPlist.strings;
			sourceTree = "<group>";
		};
		06BEB42713793B6B0074063A /* MainWindow.xib */ = {
			isa = PBXVariantGroup;
			children = (
				06BEB42813793B6B0074063A /* en */,
			);
			name = MainWindow.xib;
			sourceTree = "<group>";
		};
/* End PBXVariantGroup section */

/* Begin XCBuildConfiguration section */
		06BEB42A13793B6B0074063A /* Debug */ = {
			isa = XCBuildConfiguration;
			buildSettings = {
				ARCHS = "$(ARCHS_STANDARD_32_BIT)";
				"CODE_SIGN_IDENTITY[sdk=iphoneos*]" = "iPhone Developer";
				GCC_C_LANGUAGE_STANDARD = gnu99;
				GCC_OPTIMIZATION_LEVEL = 0;
				GCC_PREPROCESSOR_DEFINITIONS = DEBUG;
				GCC_SYMBOLS_PRIVATE_EXTERN = NO;
				GCC_VERSION = com.apple.compilers.llvmgcc42;
				GCC_WARN_ABOUT_RETURN_TYPE = YES;
				GCC_WARN_UNUSED_VARIABLE = YES;
				IPHONEOS_DEPLOYMENT_TARGET = 4.3;
				SDKROOT = iphoneos;
			};
			name = Debug;
		};
		06BEB42B13793B6B0074063A /* Release */ = {
			isa = XCBuildConfiguration;
			buildSettings = {
				ARCHS = "$(ARCHS_STANDARD_32_BIT)";
				"CODE_SIGN_IDENTITY[sdk=iphoneos*]" = "iPhone Developer";
				GCC_C_LANGUAGE_STANDARD = gnu99;
				GCC_VERSION = com.apple.compilers.llvmgcc42;
				GCC_WARN_ABOUT_RETURN_TYPE = YES;
				GCC_WARN_UNUSED_VARIABLE = YES;
				IPHONEOS_DEPLOYMENT_TARGET = 4.3;
				OTHER_CFLAGS = "-DNS_BLOCK_ASSERTIONS=1";
				SDKROOT = iphoneos;
			};
			name = Release;
		};
		06BEB42D13793B6B0074063A /* Debug */ = {
			isa = XCBuildConfiguration;
			buildSettings = {
				ALWAYS_SEARCH_USER_PATHS = NO;
				COPY_PHASE_STRIP = NO;
				GCC_DYNAMIC_NO_PIC = NO;
				GCC_PRECOMPILE_PREFIX_HEADER = YES;
				GCC_PREFIX_HEADER = "Slize/Slize-Prefix.pch";
				INFOPLIST_FILE = "Slize/Slize-Info.plist";
				PRODUCT_NAME = "$(TARGET_NAME)";
				WRAPPER_EXTENSION = app;
			};
			name = Debug;
		};
		06BEB42E13793B6B0074063A /* Release */ = {
			isa = XCBuildConfiguration;
			buildSettings = {
				ALWAYS_SEARCH_USER_PATHS = NO;
				COPY_PHASE_STRIP = YES;
				GCC_PRECOMPILE_PREFIX_HEADER = YES;
				GCC_PREFIX_HEADER = "Slize/Slize-Prefix.pch";
				INFOPLIST_FILE = "Slize/Slize-Info.plist";
				PRODUCT_NAME = "$(TARGET_NAME)";
				VALIDATE_PRODUCT = YES;
				WRAPPER_EXTENSION = app;
			};
			name = Release;
		};
/* End XCBuildConfiguration section */

/* Begin XCConfigurationList section */
		06BEB40B13793B6A0074063A /* Build configuration list for PBXProject "Slize" */ = {
			isa = XCConfigurationList;
			buildConfigurations = (
				06BEB42A13793B6B0074063A /* Debug */,
				06BEB42B13793B6B0074063A /* Release */,
			);
			defaultConfigurationIsVisible = 0;
			defaultConfigurationName = Release;
		};
		06BEB42C13793B6B0074063A /* Build configuration list for PBXNativeTarget "Slize" */ = {
			isa = XCConfigurationList;
			buildConfigurations = (
				06BEB42D13793B6B0074063A /* Debug */,
				06BEB42E13793B6B0074063A /* Release */,
			);
			defaultConfigurationIsVisible = 0;
			defaultConfigurationName = Release;
		};
/* End XCConfigurationList section */
	};
	rootObject = 06BEB40813793B6A0074063A /* Project object */;
}
